
Microsoft Visual Studio Solution File, Format Version 12.00
# Visual Studio Version 17
VisualStudioVersion = 17.2.32616.157
MinimumVisualStudioVersion = 10.0.40219.1
Project("{FAE04EC0-301F-11D3-BF4B-00C04F79EFBC}") = "LinkedList", "LinkedList.csproj", "{15CDD43F-15E7-4130-AA2B-811E21CE5FCB}"
EndProject
Global
	GlobalSection(SolutionConfigurationPlatforms) = preSolution
		Debug|Any CPU = Debug|Any CPU
		Release|Any CPU = Release|Any CPU
	EndGlobalSection
	GlobalSection(ProjectConfigurationPlatforms) = postSolution
		{15CDD43F-15E7-4130-AA2B-811E21CE5FCB}.Debug|Any CPU.ActiveCfg = Debug|Any CPU
		{15CDD43F-15E7-4130-AA2B-811E21CE5FCB}.Debug|Any CPU.Build.0 = Debug|Any CPU
		{15CDD43F-15E7-4130-AA2B-811E21CE5FCB}.Release|Any CPU.ActiveCfg = Release|Any CPU
		{15CDD43F-15E7-4130-AA2B-811E21CE5FCB}.Release|Any CPU.Build.0 = Release|Any CPU
	EndGlobalSection
	GlobalSection(SolutionProperties) = preSolution
		HideSolutionNode = FALSE
	EndGlobalSection
	GlobalSection(ExtensibilityGlobals) = postSolution
		SolutionGuid = {F8F8CD00-E058-4FFF-9D96-835E156949CC}
	EndGlobalSection
EndGlobal
